
Microsoft Visual Studio Solution File, Format Version 12.00
# Visual Studio Version 17
VisualStudioVersion = 17.1.32421.90
MinimumVisualStudioVersion = 10.0.40219.1
Project("{FAE04EC0-301F-11D3-BF4B-00C04F79EFBC}") = "Hrdy_tretiPokus_skupA_prikladPrvni_20231606", "Hrdy_tretiPokus_skupA_prikladPrvni_20231606\Hrdy_tretiPokus_skupA_prikladPrvni_20231606.csproj", "{6194D9CB-8BB4-44FD-8919-86731E424678}"
EndProject
Global
	GlobalSection(SolutionConfigurationPlatforms) = preSolution
		Debug|Any CPU = Debug|Any CPU
		Release|Any CPU = Release|Any CPU
	EndGlobalSection
	GlobalSection(ProjectConfigurationPlatforms) = postSolution
		{6194D9CB-8BB4-44FD-8919-86731E424678}.Debug|Any CPU.ActiveCfg = Debug|Any CPU
		{6194D9CB-8BB4-44FD-8919-86731E424678}.Debug|Any CPU.Build.0 = Debug|Any CPU
		{6194D9CB-8BB4-44FD-8919-86731E424678}.Release|Any CPU.ActiveCfg = Release|Any CPU
		{6194D9CB-8BB4-44FD-8919-86731E424678}.Release|Any CPU.Build.0 = Release|Any CPU
	EndGlobalSection
	GlobalSection(SolutionProperties) = preSolution
		HideSolutionNode = FALSE
	EndGlobalSection
	GlobalSection(ExtensibilityGlobals) = postSolution
		SolutionGuid = {45414952-06D8-40DD-A602-D787DAD2A431}
	EndGlobalSection
EndGlobal
